
Microsoft Visual Studio Solution File, Format Version 11.00
# Visual Studio 2010
Project("{FAE04EC0-301F-11D3-BF4B-00C04F79EFBC}") = "ChowkaBara-Win8style", "ChokaBhara-Win8style\ChowkaBara-Win8style.csproj", "{EEB47A00-C8C5-4286-B6DB-7E597A454C55}"
EndProject
Project("{FAE04EC0-301F-11D3-BF4B-00C04F79EFBC}") = "ChokaBhara-Server", "..\ChokaBhara-Server\ChokaBhara-Server\ChokaBhara-Server.csproj", "{F78D06C5-4BA9-4192-A309-97274D3C5DDA}"
EndProject
Project("{FAE04EC0-301F-11D3-BF4B-00C04F79EFBC}") = "WebSocket", "WebSocket\WebSocket.csproj", "{3301D590-3714-4CA1-B955-D4C76C004CEA}"
	ProjectSection(ProjectDependencies) = postProject
		{BB3CA95E-778B-4B48-BA32-9B074441E4C0} = {BB3CA95E-778B-4B48-BA32-9B074441E4C0}
	EndProjectSection
EndProject
Project("{FAE04EC0-301F-11D3-BF4B-00C04F79EFBC}") = "WebSocketServerTestDLL", "WebSocketServerTestDLL\WebSocketServerTestDLL.csproj", "{979ACB4E-6D8C-4684-8D34-25FF6AF26FC3}"
	ProjectSection(ProjectDependencies) = postProject
		{BB3CA95E-778B-4B48-BA32-9B074441E4C0} = {BB3CA95E-778B-4B48-BA32-9B074441E4C0}
		{3301D590-3714-4CA1-B955-D4C76C004CEA} = {3301D590-3714-4CA1-B955-D4C76C004CEA}
	EndProjectSection
EndProject
Project("{FAE04EC0-301F-11D3-BF4B-00C04F79EFBC}") = "Debug", "Debug\Debug.csproj", "{BB3CA95E-778B-4B48-BA32-9B074441E4C0}"
EndProject
Project("{FAE04EC0-301F-11D3-BF4B-00C04F79EFBC}") = "WebSocketClient", "..\..\WebSocketClient\WebSocketClient\WebSocketClient.csproj", "{B5951737-5FC4-4C14-A425-4E7C27245356}"
EndProject
Project("{FAE04EC0-301F-11D3-BF4B-00C04F79EFBC}") = "RoomManager", "RoomManager\RoomManager.csproj", "{645BF4D8-3191-4E50-A026-A67E44827FAE}"
EndProject
Project("{FAE04EC0-301F-11D3-BF4B-00C04F79EFBC}") = "Server Chowka-bhara", "Server Chowka-bhara\Server Chowka-bhara.csproj", "{4413AC60-88C2-4900-9BCA-3D0162A2AA55}"
EndProject
Global
	GlobalSection(SolutionConfigurationPlatforms) = preSolution
		Debug|Any CPU = Debug|Any CPU
		Debug|Mixed Platforms = Debug|Mixed Platforms
		Debug|x86 = Debug|x86
		Release|Any CPU = Release|Any CPU
		Release|Mixed Platforms = Release|Mixed Platforms
		Release|x86 = Release|x86
	EndGlobalSection
	GlobalSection(ProjectConfigurationPlatforms) = postSolution
		{EEB47A00-C8C5-4286-B6DB-7E597A454C55}.Debug|Any CPU.ActiveCfg = Debug|x86
		{EEB47A00-C8C5-4286-B6DB-7E597A454C55}.Debug|Mixed Platforms.ActiveCfg = Debug|x86
		{EEB47A00-C8C5-4286-B6DB-7E597A454C55}.Debug|Mixed Platforms.Build.0 = Debug|x86
		{EEB47A00-C8C5-4286-B6DB-7E597A454C55}.Debug|x86.ActiveCfg = Debug|x86
		{EEB47A00-C8C5-4286-B6DB-7E597A454C55}.Debug|x86.Build.0 = Debug|x86
		{EEB47A00-C8C5-4286-B6DB-7E597A454C55}.Release|Any CPU.ActiveCfg = Release|x86
		{EEB47A00-C8C5-4286-B6DB-7E597A454C55}.Release|Mixed Platforms.ActiveCfg = Release|x86
		{EEB47A00-C8C5-4286-B6DB-7E597A454C55}.Release|Mixed Platforms.Build.0 = Release|x86
		{EEB47A00-C8C5-4286-B6DB-7E597A454C55}.Release|x86.ActiveCfg = Release|x86
		{EEB47A00-C8C5-4286-B6DB-7E597A454C55}.Release|x86.Build.0 = Release|x86
		{F78D06C5-4BA9-4192-A309-97274D3C5DDA}.Debug|Any CPU.ActiveCfg = Debug|x86
		{F78D06C5-4BA9-4192-A309-97274D3C5DDA}.Debug|Mixed Platforms.ActiveCfg = Debug|x86
		{F78D06C5-4BA9-4192-A309-97274D3C5DDA}.Debug|Mixed Platforms.Build.0 = Debug|x86
		{F78D06C5-4BA9-4192-A309-97274D3C5DDA}.Debug|x86.ActiveCfg = Debug|x86
		{F78D06C5-4BA9-4192-A309-97274D3C5DDA}.Debug|x86.Build.0 = Debug|x86
		{F78D06C5-4BA9-4192-A309-97274D3C5DDA}.Release|Any CPU.ActiveCfg = Release|x86
		{F78D06C5-4BA9-4192-A309-97274D3C5DDA}.Release|Mixed Platforms.ActiveCfg = Release|x86
		{F78D06C5-4BA9-4192-A309-97274D3C5DDA}.Release|Mixed Platforms.Build.0 = Release|x86
		{F78D06C5-4BA9-4192-A309-97274D3C5DDA}.Release|x86.ActiveCfg = Release|x86
		{F78D06C5-4BA9-4192-A309-97274D3C5DDA}.Release|x86.Build.0 = Release|x86
		{3301D590-3714-4CA1-B955-D4C76C004CEA}.Debug|Any CPU.ActiveCfg = Debug|Any CPU
		{3301D590-3714-4CA1-B955-D4C76C004CEA}.Debug|Any CPU.Build.0 = Debug|Any CPU
		{3301D590-3714-4CA1-B955-D4C76C004CEA}.Debug|Mixed Platforms.ActiveCfg = Debug|Any CPU
		{3301D590-3714-4CA1-B955-D4C76C004CEA}.Debug|Mixed Platforms.Build.0 = Debug|Any CPU
		{3301D590-3714-4CA1-B955-D4C76C004CEA}.Debug|x86.ActiveCfg = Debug|Any CPU
		{3301D590-3714-4CA1-B955-D4C76C004CEA}.Release|Any CPU.ActiveCfg = Release|Any CPU
		{3301D590-3714-4CA1-B955-D4C76C004CEA}.Release|Any CPU.Build.0 = Release|Any CPU
		{3301D590-3714-4CA1-B955-D4C76C004CEA}.Release|Mixed Platforms.ActiveCfg = Release|Any CPU
		{3301D590-3714-4CA1-B955-D4C76C004CEA}.Release|Mixed Platforms.Build.0 = Release|Any CPU
		{3301D590-3714-4CA1-B955-D4C76C004CEA}.Release|x86.ActiveCfg = Release|Any CPU
		{979ACB4E-6D8C-4684-8D34-25FF6AF26FC3}.Debug|Any CPU.ActiveCfg = Debug|x86
		{979ACB4E-6D8C-4684-8D34-25FF6AF26FC3}.Debug|Mixed Platforms.ActiveCfg = Debug|x86
		{979ACB4E-6D8C-4684-8D34-25FF6AF26FC3}.Debug|Mixed Platforms.Build.0 = Debug|x86
		{979ACB4E-6D8C-4684-8D34-25FF6AF26FC3}.Debug|x86.ActiveCfg = Debug|x86
		{979ACB4E-6D8C-4684-8D34-25FF6AF26FC3}.Debug|x86.Build.0 = Debug|x86
		{979ACB4E-6D8C-4684-8D34-25FF6AF26FC3}.Release|Any CPU.ActiveCfg = Release|x86
		{979ACB4E-6D8C-4684-8D34-25FF6AF26FC3}.Release|Mixed Platforms.ActiveCfg = Release|x86
		{979ACB4E-6D8C-4684-8D34-25FF6AF26FC3}.Release|Mixed Platforms.Build.0 = Release|x86
		{979ACB4E-6D8C-4684-8D34-25FF6AF26FC3}.Release|x86.ActiveCfg = Release|x86
		{979ACB4E-6D8C-4684-8D34-25FF6AF26FC3}.Release|x86.Build.0 = Release|x86
		{BB3CA95E-778B-4B48-BA32-9B074441E4C0}.Debug|Any CPU.ActiveCfg = Debug|Any CPU
		{BB3CA95E-778B-4B48-BA32-9B074441E4C0}.Debug|Any CPU.Build.0 = Debug|Any CPU
		{BB3CA95E-778B-4B48-BA32-9B074441E4C0}.Debug|Mixed Platforms.ActiveCfg = Debug|Any CPU
		{BB3CA95E-778B-4B48-BA32-9B074441E4C0}.Debug|Mixed Platforms.Build.0 = Debug|Any CPU
		{BB3CA95E-778B-4B48-BA32-9B074441E4C0}.Debug|x86.ActiveCfg = Debug|Any CPU
		{BB3CA95E-778B-4B48-BA32-9B074441E4C0}.Release|Any CPU.ActiveCfg = Release|Any CPU
		{BB3CA95E-778B-4B48-BA32-9B074441E4C0}.Release|Any CPU.Build.0 = Release|Any CPU
		{BB3CA95E-778B-4B48-BA32-9B074441E4C0}.Release|Mixed Platforms.ActiveCfg = Release|Any CPU
		{BB3CA95E-778B-4B48-BA32-9B074441E4C0}.Release|Mixed Platforms.Build.0 = Release|Any CPU
		{BB3CA95E-778B-4B48-BA32-9B074441E4C0}.Release|x86.ActiveCfg = Release|Any CPU
		{B5951737-5FC4-4C14-A425-4E7C27245356}.Debug|Any CPU.ActiveCfg = Debug|Any CPU
		{B5951737-5FC4-4C14-A425-4E7C27245356}.Debug|Any CPU.Build.0 = Debug|Any CPU
		{B5951737-5FC4-4C14-A425-4E7C27245356}.Debug|Mixed Platforms.ActiveCfg = Debug|Any CPU
		{B5951737-5FC4-4C14-A425-4E7C27245356}.Debug|Mixed Platforms.Build.0 = Debug|Any CPU
		{B5951737-5FC4-4C14-A425-4E7C27245356}.Debug|x86.ActiveCfg = Debug|Any CPU
		{B5951737-5FC4-4C14-A425-4E7C27245356}.Release|Any CPU.ActiveCfg = Release|Any CPU
		{B5951737-5FC4-4C14-A425-4E7C27245356}.Release|Any CPU.Build.0 = Release|Any CPU
		{B5951737-5FC4-4C14-A425-4E7C27245356}.Release|Mixed Platforms.ActiveCfg = Release|Any CPU
		{B5951737-5FC4-4C14-A425-4E7C27245356}.Release|Mixed Platforms.Build.0 = Release|Any CPU
		{B5951737-5FC4-4C14-A425-4E7C27245356}.Release|x86.ActiveCfg = Release|Any CPU
		{645BF4D8-3191-4E50-A026-A67E44827FAE}.Debug|Any CPU.ActiveCfg = Debug|Any CPU
		{645BF4D8-3191-4E50-A026-A67E44827FAE}.Debug|Any CPU.Build.0 = Debug|Any CPU
		{645BF4D8-3191-4E50-A026-A67E44827FAE}.Debug|Mixed Platforms.ActiveCfg = Debug|Any CPU
		{645BF4D8-3191-4E50-A026-A67E44827FAE}.Debug|Mixed Platforms.Build.0 = Debug|Any CPU
		{645BF4D8-3191-4E50-A026-A67E44827FAE}.Debug|x86.ActiveCfg = Debug|Any CPU
		{645BF4D8-3191-4E50-A026-A67E44827FAE}.Release|Any CPU.ActiveCfg = Release|Any CPU
		{645BF4D8-3191-4E50-A026-A67E44827FAE}.Release|Any CPU.Build.0 = Release|Any CPU
		{645BF4D8-3191-4E50-A026-A67E44827FAE}.Release|Mixed Platforms.ActiveCfg = Release|Any CPU
		{645BF4D8-3191-4E50-A026-A67E44827FAE}.Release|Mixed Platforms.Build.0 = Release|Any CPU
		{645BF4D8-3191-4E50-A026-A67E44827FAE}.Release|x86.ActiveCfg = Release|Any CPU
		{4413AC60-88C2-4900-9BCA-3D0162A2AA55}.Debug|Any CPU.ActiveCfg = Debug|x86
		{4413AC60-88C2-4900-9BCA-3D0162A2AA55}.Debug|Mixed Platforms.ActiveCfg = Debug|x86
		{4413AC60-88C2-4900-9BCA-3D0162A2AA55}.Debug|Mixed Platforms.Build.0 = Debug|x86
		{4413AC60-88C2-4900-9BCA-3D0162A2AA55}.Debug|x86.ActiveCfg = Debug|x86
		{4413AC60-88C2-4900-9BCA-3D0162A2AA55}.Debug|x86.Build.0 = Debug|x86
		{4413AC60-88C2-4900-9BCA-3D0162A2AA55}.Release|Any CPU.ActiveCfg = Release|x86
		{4413AC60-88C2-4900-9BCA-3D0162A2AA55}.Release|Mixed Platforms.ActiveCfg = Release|x86
		{4413AC60-88C2-4900-9BCA-3D0162A2AA55}.Release|Mixed Platforms.Build.0 = Release|x86
		{4413AC60-88C2-4900-9BCA-3D0162A2AA55}.Release|x86.ActiveCfg = Release|x86
		{4413AC60-88C2-4900-9BCA-3D0162A2AA55}.Release|x86.Build.0 = Release|x86
	EndGlobalSection
	GlobalSection(SolutionProperties) = preSolution
		HideSolutionNode = FALSE
	EndGlobalSection
EndGlobal
